
Microsoft Visual Studio Solution File, Format Version 12.00
# Visual Studio 2013
VisualStudioVersion = 12.0.31101.0
MinimumVisualStudioVersion = 10.0.40219.1
Project("{8BC9CEB8-8B4A-11D0-8D11-00A0C91BC942}") = "P1", "P1\P1.vcxproj", "{2C1EFF82-2B3E-44AF-AFA7-31284885CF56}"
EndProject
Project("{8BC9CEB8-8B4A-11D0-8D11-00A0C91BC942}") = "P1 Package", "P1 Package\P1 Package.vcxproj", "{7468B3B7-0FC1-4234-A8B7-7967F260BC6F}"
	ProjectSection(ProjectDependencies) = postProject
		{2C1EFF82-2B3E-44AF-AFA7-31284885CF56} = {2C1EFF82-2B3E-44AF-AFA7-31284885CF56}
	EndProjectSection
EndProject
Project("{8BC9CEB8-8B4A-11D0-8D11-00A0C91BC942}") = "P1Test", "P1Test\P1Test.vcxproj", "{3DEACF8C-173F-4211-9C91-0789575635A2}"
EndProject
Project("{8BC9CEB8-8B4A-11D0-8D11-00A0C91BC942}") = "DevAttT", "DevAttT\DevAttT.vcxproj", "{BDEA6224-EA61-496A-BF4D-3E1C6C551D58}"
EndProject
Global
	GlobalSection(SolutionConfigurationPlatforms) = preSolution
		Debug|Mixed Platforms = Debug|Mixed Platforms
		Debug|Win32 = Debug|Win32
		Debug|x64 = Debug|x64
		Release|Mixed Platforms = Release|Mixed Platforms
		Release|Win32 = Release|Win32
		Release|x64 = Release|x64
		Win7 Debug|Mixed Platforms = Win7 Debug|Mixed Platforms
		Win7 Debug|Win32 = Win7 Debug|Win32
		Win7 Debug|x64 = Win7 Debug|x64
		Win7 Release|Mixed Platforms = Win7 Release|Mixed Platforms
		Win7 Release|Win32 = Win7 Release|Win32
		Win7 Release|x64 = Win7 Release|x64
		Win8 Debug|Mixed Platforms = Win8 Debug|Mixed Platforms
		Win8 Debug|Win32 = Win8 Debug|Win32
		Win8 Debug|x64 = Win8 Debug|x64
		Win8 Release|Mixed Platforms = Win8 Release|Mixed Platforms
		Win8 Release|Win32 = Win8 Release|Win32
		Win8 Release|x64 = Win8 Release|x64
		Win8.1 Debug|Mixed Platforms = Win8.1 Debug|Mixed Platforms
		Win8.1 Debug|Win32 = Win8.1 Debug|Win32
		Win8.1 Debug|x64 = Win8.1 Debug|x64
		Win8.1 Release|Mixed Platforms = Win8.1 Release|Mixed Platforms
		Win8.1 Release|Win32 = Win8.1 Release|Win32
		Win8.1 Release|x64 = Win8.1 Release|x64
	EndGlobalSection
	GlobalSection(ProjectConfigurationPlatforms) = postSolution
		{2C1EFF82-2B3E-44AF-AFA7-31284885CF56}.Debug|Mixed Platforms.ActiveCfg = Win8.1 Debug|Win32
		{2C1EFF82-2B3E-44AF-AFA7-31284885CF56}.Debug|Mixed Platforms.Build.0 = Win8.1 Debug|Win32
		{2C1EFF82-2B3E-44AF-AFA7-31284885CF56}.Debug|Win32.ActiveCfg = Win8.1 Debug|Win32
		{2C1EFF82-2B3E-44AF-AFA7-31284885CF56}.Debug|Win32.Build.0 = Win8.1 Debug|Win32
		{2C1EFF82-2B3E-44AF-AFA7-31284885CF56}.Debug|x64.ActiveCfg = Win8.1 Debug|x64
		{2C1EFF82-2B3E-44AF-AFA7-31284885CF56}.Debug|x64.Build.0 = Win8.1 Debug|x64
		{2C1EFF82-2B3E-44AF-AFA7-31284885CF56}.Debug|x64.Deploy.0 = Win8.1 Debug|x64
		{2C1EFF82-2B3E-44AF-AFA7-31284885CF56}.Release|Mixed Platforms.ActiveCfg = Win8.1 Release|Win32
		{2C1EFF82-2B3E-44AF-AFA7-31284885CF56}.Release|Mixed Platforms.Build.0 = Win8.1 Release|Win32
		{2C1EFF82-2B3E-44AF-AFA7-31284885CF56}.Release|Win32.ActiveCfg = Win8.1 Release|Win32
		{2C1EFF82-2B3E-44AF-AFA7-31284885CF56}.Release|Win32.Build.0 = Win8.1 Release|Win32
		{2C1EFF82-2B3E-44AF-AFA7-31284885CF56}.Release|x64.ActiveCfg = Win8.1 Release|x64
		{2C1EFF82-2B3E-44AF-AFA7-31284885CF56}.Release|x64.Build.0 = Win8.1 Release|x64
		{2C1EFF82-2B3E-44AF-AFA7-31284885CF56}.Release|x64.Deploy.0 = Win8.1 Release|x64
		{2C1EFF82-2B3E-44AF-AFA7-31284885CF56}.Win7 Debug|Mixed Platforms.ActiveCfg = Win7 Debug|Win32
		{2C1EFF82-2B3E-44AF-AFA7-31284885CF56}.Win7 Debug|Mixed Platforms.Build.0 = Win7 Debug|Win32
		{2C1EFF82-2B3E-44AF-AFA7-31284885CF56}.Win7 Debug|Win32.ActiveCfg = Win7 Debug|Win32
		{2C1EFF82-2B3E-44AF-AFA7-31284885CF56}.Win7 Debug|Win32.Build.0 = Win7 Debug|Win32
		{2C1EFF82-2B3E-44AF-AFA7-31284885CF56}.Win7 Debug|Win32.Deploy.0 = Win7 Debug|Win32
		{2C1EFF82-2B3E-44AF-AFA7-31284885CF56}.Win7 Debug|x64.ActiveCfg = Win7 Debug|x64
		{2C1EFF82-2B3E-44AF-AFA7-31284885CF56}.Win7 Debug|x64.Build.0 = Win7 Debug|x64
		{2C1EFF82-2B3E-44AF-AFA7-31284885CF56}.Win7 Debug|x64.Deploy.0 = Win7 Debug|x64
		{2C1EFF82-2B3E-44AF-AFA7-31284885CF56}.Win7 Release|Mixed Platforms.ActiveCfg = Win7 Release|Win32
		{2C1EFF82-2B3E-44AF-AFA7-31284885CF56}.Win7 Release|Mixed Platforms.Build.0 = Win7 Release|Win32
		{2C1EFF82-2B3E-44AF-AFA7-31284885CF56}.Win7 Release|Win32.ActiveCfg = Win7 Release|Win32
		{2C1EFF82-2B3E-44AF-AFA7-31284885CF56}.Win7 Release|Win32.Build.0 = Win7 Release|Win32
		{2C1EFF82-2B3E-44AF-AFA7-31284885CF56}.Win7 Release|Win32.Deploy.0 = Win7 Release|Win32
		{2C1EFF82-2B3E-44AF-AFA7-31284885CF56}.Win7 Release|x64.ActiveCfg = Win7 Release|x64
		{2C1EFF82-2B3E-44AF-AFA7-31284885CF56}.Win7 Release|x64.Build.0 = Win7 Release|x64
		{2C1EFF82-2B3E-44AF-AFA7-31284885CF56}.Win7 Release|x64.Deploy.0 = Win7 Release|x64
		{2C1EFF82-2B3E-44AF-AFA7-31284885CF56}.Win8 Debug|Mixed Platforms.ActiveCfg = Win8 Debug|Win32
		{2C1EFF82-2B3E-44AF-AFA7-31284885CF56}.Win8 Debug|Mixed Platforms.Build.0 = Win8 Debug|Win32
		{2C1EFF82-2B3E-44AF-AFA7-31284885CF56}.Win8 Debug|Win32.ActiveCfg = Win8 Debug|Win32
		{2C1EFF82-2B3E-44AF-AFA7-31284885CF56}.Win8 Debug|Win32.Build.0 = Win8 Debug|Win32
		{2C1EFF82-2B3E-44AF-AFA7-31284885CF56}.Win8 Debug|Win32.Deploy.0 = Win8 Debug|Win32
		{2C1EFF82-2B3E-44AF-AFA7-31284885CF56}.Win8 Debug|x64.ActiveCfg = Win8 Debug|x64
		{2C1EFF82-2B3E-44AF-AFA7-31284885CF56}.Win8 Debug|x64.Build.0 = Win8 Debug|x64
		{2C1EFF82-2B3E-44AF-AFA7-31284885CF56}.Win8 Debug|x64.Deploy.0 = Win8 Debug|x64
		{2C1EFF82-2B3E-44AF-AFA7-31284885CF56}.Win8 Release|Mixed Platforms.ActiveCfg = Win8 Release|Win32
		{2C1EFF82-2B3E-44AF-AFA7-31284885CF56}.Win8 Release|Mixed Platforms.Build.0 = Win8 Release|Win32
		{2C1EFF82-2B3E-44AF-AFA7-31284885CF56}.Win8 Release|Win32.ActiveCfg = Win8 Release|Win32
		{2C1EFF82-2B3E-44AF-AFA7-31284885CF56}.Win8 Release|Win32.Build.0 = Win8 Release|Win32
		{2C1EFF82-2B3E-44AF-AFA7-31284885CF56}.Win8 Release|Win32.Deploy.0 = Win8 Release|Win32
		{2C1EFF82-2B3E-44AF-AFA7-31284885CF56}.Win8 Release|x64.ActiveCfg = Win8 Release|x64
		{2C1EFF82-2B3E-44AF-AFA7-31284885CF56}.Win8 Release|x64.Build.0 = Win8 Release|x64
		{2C1EFF82-2B3E-44AF-AFA7-31284885CF56}.Win8 Release|x64.Deploy.0 = Win8 Release|x64
		{2C1EFF82-2B3E-44AF-AFA7-31284885CF56}.Win8.1 Debug|Mixed Platforms.ActiveCfg = Win8.1 Debug|x64
		{2C1EFF82-2B3E-44AF-AFA7-31284885CF56}.Win8.1 Debug|Mixed Platforms.Build.0 = Win8.1 Debug|x64
		{2C1EFF82-2B3E-44AF-AFA7-31284885CF56}.Win8.1 Debug|Win32.ActiveCfg = Win8.1 Debug|Win32
		{2C1EFF82-2B3E-44AF-AFA7-31284885CF56}.Win8.1 Debug|Win32.Build.0 = Win8.1 Debug|Win32
		{2C1EFF82-2B3E-44AF-AFA7-31284885CF56}.Win8.1 Debug|Win32.Deploy.0 = Win8.1 Debug|Win32
		{2C1EFF82-2B3E-44AF-AFA7-31284885CF56}.Win8.1 Debug|x64.ActiveCfg = Win8.1 Debug|x64
		{2C1EFF82-2B3E-44AF-AFA7-31284885CF56}.Win8.1 Debug|x64.Build.0 = Win8.1 Debug|x64
		{2C1EFF82-2B3E-44AF-AFA7-31284885CF56}.Win8.1 Debug|x64.Deploy.0 = Win8.1 Debug|x64
		{2C1EFF82-2B3E-44AF-AFA7-31284885CF56}.Win8.1 Release|Mixed Platforms.ActiveCfg = Win8.1 Release|Win32
		{2C1EFF82-2B3E-44AF-AFA7-31284885CF56}.Win8.1 Release|Mixed Platforms.Build.0 = Win8.1 Release|Win32
		{2C1EFF82-2B3E-44AF-AFA7-31284885CF56}.Win8.1 Release|Win32.ActiveCfg = Win8.1 Release|Win32
		{2C1EFF82-2B3E-44AF-AFA7-31284885CF56}.Win8.1 Release|Win32.Build.0 = Win8.1 Release|Win32
		{2C1EFF82-2B3E-44AF-AFA7-31284885CF56}.Win8.1 Release|Win32.Deploy.0 = Win8.1 Release|Win32
		{2C1EFF82-2B3E-44AF-AFA7-31284885CF56}.Win8.1 Release|x64.ActiveCfg = Win8.1 Release|x64
		{2C1EFF82-2B3E-44AF-AFA7-31284885CF56}.Win8.1 Release|x64.Build.0 = Win8.1 Release|x64
		{2C1EFF82-2B3E-44AF-AFA7-31284885CF56}.Win8.1 Release|x64.Deploy.0 = Win8.1 Release|x64
		{7468B3B7-0FC1-4234-A8B7-7967F260BC6F}.Debug|Mixed Platforms.ActiveCfg = Win8.1 Debug|Win32
		{7468B3B7-0FC1-4234-A8B7-7967F260BC6F}.Debug|Mixed Platforms.Build.0 = Win8.1 Debug|Win32
		{7468B3B7-0FC1-4234-A8B7-7967F260BC6F}.Debug|Win32.ActiveCfg = Win8.1 Debug|Win32
		{7468B3B7-0FC1-4234-A8B7-7967F260BC6F}.Debug|Win32.Build.0 = Win8.1 Debug|Win32
		{7468B3B7-0FC1-4234-A8B7-7967F260BC6F}.Debug|x64.ActiveCfg = Win8.1 Debug|x64
		{7468B3B7-0FC1-4234-A8B7-7967F260BC6F}.Debug|x64.Build.0 = Win8.1 Debug|x64
		{7468B3B7-0FC1-4234-A8B7-7967F260BC6F}.Debug|x64.Deploy.0 = Win8.1 Debug|x64
		{7468B3B7-0FC1-4234-A8B7-7967F260BC6F}.Release|Mixed Platforms.ActiveCfg = Win8.1 Release|Win32
		{7468B3B7-0FC1-4234-A8B7-7967F260BC6F}.Release|Mixed Platforms.Build.0 = Win8.1 Release|Win32
		{7468B3B7-0FC1-4234-A8B7-7967F260BC6F}.Release|Win32.ActiveCfg = Win8.1 Release|Win32
		{7468B3B7-0FC1-4234-A8B7-7967F260BC6F}.Release|Win32.Build.0 = Win8.1 Release|Win32
		{7468B3B7-0FC1-4234-A8B7-7967F260BC6F}.Release|x64.ActiveCfg = Win8.1 Release|x64
		{7468B3B7-0FC1-4234-A8B7-7967F260BC6F}.Release|x64.Build.0 = Win8.1 Release|x64
		{7468B3B7-0FC1-4234-A8B7-7967F260BC6F}.Release|x64.Deploy.0 = Win8.1 Release|x64
		{7468B3B7-0FC1-4234-A8B7-7967F260BC6F}.Win7 Debug|Mixed Platforms.ActiveCfg = Win7 Debug|Win32
		{7468B3B7-0FC1-4234-A8B7-7967F260BC6F}.Win7 Debug|Mixed Platforms.Build.0 = Win7 Debug|Win32
		{7468B3B7-0FC1-4234-A8B7-7967F260BC6F}.Win7 Debug|Win32.ActiveCfg = Win7 Debug|Win32
		{7468B3B7-0FC1-4234-A8B7-7967F260BC6F}.Win7 Debug|Win32.Build.0 = Win7 Debug|Win32
		{7468B3B7-0FC1-4234-A8B7-7967F260BC6F}.Win7 Debug|Win32.Deploy.0 = Win7 Debug|Win32
		{7468B3B7-0FC1-4234-A8B7-7967F260BC6F}.Win7 Debug|x64.ActiveCfg = Win7 Debug|x64
		{7468B3B7-0FC1-4234-A8B7-7967F260BC6F}.Win7 Debug|x64.Build.0 = Win7 Debug|x64
		{7468B3B7-0FC1-4234-A8B7-7967F260BC6F}.Win7 Debug|x64.Deploy.0 = Win7 Debug|x64
		{7468B3B7-0FC1-4234-A8B7-7967F260BC6F}.Win7 Release|Mixed Platforms.ActiveCfg = Win7 Release|Win32
		{7468B3B7-0FC1-4234-A8B7-7967F260BC6F}.Win7 Release|Mixed Platforms.Build.0 = Win7 Release|Win32
		{7468B3B7-0FC1-4234-A8B7-7967F260BC6F}.Win7 Release|Win32.ActiveCfg = Win7 Release|Win32
		{7468B3B7-0FC1-4234-A8B7-7967F260BC6F}.Win7 Release|Win32.Build.0 = Win7 Release|Win32
		{7468B3B7-0FC1-4234-A8B7-7967F260BC6F}.Win7 Release|Win32.Deploy.0 = Win7 Release|Win32
		{7468B3B7-0FC1-4234-A8B7-7967F260BC6F}.Win7 Release|x64.ActiveCfg = Win7 Release|x64
		{7468B3B7-0FC1-4234-A8B7-7967F260BC6F}.Win7 Release|x64.Build.0 = Win7 Release|x64
		{7468B3B7-0FC1-4234-A8B7-7967F260BC6F}.Win7 Release|x64.Deploy.0 = Win7 Release|x64
		{7468B3B7-0FC1-4234-A8B7-7967F260BC6F}.Win8 Debug|Mixed Platforms.ActiveCfg = Win8 Debug|Win32
		{7468B3B7-0FC1-4234-A8B7-7967F260BC6F}.Win8 Debug|Mixed Platforms.Build.0 = Win8 Debug|Win32
		{7468B3B7-0FC1-4234-A8B7-7967F260BC6F}.Win8 Debug|Win32.ActiveCfg = Win8 Debug|Win32
		{7468B3B7-0FC1-4234-A8B7-7967F260BC6F}.Win8 Debug|Win32.Build.0 = Win8 Debug|Win32
		{7468B3B7-0FC1-4234-A8B7-7967F260BC6F}.Win8 Debug|Win32.Deploy.0 = Win8 Debug|Win32
		{7468B3B7-0FC1-4234-A8B7-7967F260BC6F}.Win8 Debug|x64.ActiveCfg = Win8 Debug|x64
		{7468B3B7-0FC1-4234-A8B7-7967F260BC6F}.Win8 Debug|x64.Build.0 = Win8 Debug|x64
		{7468B3B7-0FC1-4234-A8B7-7967F260BC6F}.Win8 Debug|x64.Deploy.0 = Win8 Debug|x64
		{7468B3B7-0FC1-4234-A8B7-7967F260BC6F}.Win8 Release|Mixed Platforms.ActiveCfg = Win8 Release|Win32
		{7468B3B7-0FC1-4234-A8B7-7967F260BC6F}.Win8 Release|Mixed Platforms.Build.0 = Win8 Release|Win32
		{7468B3B7-0FC1-4234-A8B7-7967F260BC6F}.Win8 Release|Win32.ActiveCfg = Win8 Release|Win32
		{7468B3B7-0FC1-4234-A8B7-7967F260BC6F}.Win8 Release|Win32.Build.0 = Win8 Release|Win32
		{7468B3B7-0FC1-4234-A8B7-7967F260BC6F}.Win8 Release|Win32.Deploy.0 = Win8 Release|Win32
		{7468B3B7-0FC1-4234-A8B7-7967F260BC6F}.Win8 Release|x64.ActiveCfg = Win8 Release|x64
		{7468B3B7-0FC1-4234-A8B7-7967F260BC6F}.Win8 Release|x64.Build.0 = Win8 Release|x64
		{7468B3B7-0FC1-4234-A8B7-7967F260BC6F}.Win8 Release|x64.Deploy.0 = Win8 Release|x64
		{7468B3B7-0FC1-4234-A8B7-7967F260BC6F}.Win8.1 Debug|Mixed Platforms.ActiveCfg = Win8.1 Debug|x64
		{7468B3B7-0FC1-4234-A8B7-7967F260BC6F}.Win8.1 Debug|Mixed Platforms.Build.0 = Win8.1 Debug|x64
		{7468B3B7-0FC1-4234-A8B7-7967F260BC6F}.Win8.1 Debug|Win32.ActiveCfg = Win8.1 Debug|Win32
		{7468B3B7-0FC1-4234-A8B7-7967F260BC6F}.Win8.1 Debug|Win32.Build.0 = Win8.1 Debug|Win32
		{7468B3B7-0FC1-4234-A8B7-7967F260BC6F}.Win8.1 Debug|Win32.Deploy.0 = Win8.1 Debug|Win32
		{7468B3B7-0FC1-4234-A8B7-7967F260BC6F}.Win8.1 Debug|x64.ActiveCfg = Win8.1 Debug|x64
		{7468B3B7-0FC1-4234-A8B7-7967F260BC6F}.Win8.1 Debug|x64.Build.0 = Win8.1 Debug|x64
		{7468B3B7-0FC1-4234-A8B7-7967F260BC6F}.Win8.1 Debug|x64.Deploy.0 = Win8.1 Debug|x64
		{7468B3B7-0FC1-4234-A8B7-7967F260BC6F}.Win8.1 Release|Mixed Platforms.ActiveCfg = Win8.1 Release|Win32
		{7468B3B7-0FC1-4234-A8B7-7967F260BC6F}.Win8.1 Release|Mixed Platforms.Build.0 = Win8.1 Release|Win32
		{7468B3B7-0FC1-4234-A8B7-7967F260BC6F}.Win8.1 Release|Win32.ActiveCfg = Win8.1 Release|Win32
		{7468B3B7-0FC1-4234-A8B7-7967F260BC6F}.Win8.1 Release|Win32.Build.0 = Win8.1 Release|Win32
		{7468B3B7-0FC1-4234-A8B7-7967F260BC6F}.Win8.1 Release|Win32.Deploy.0 = Win8.1 Release|Win32
		{7468B3B7-0FC1-4234-A8B7-7967F260BC6F}.Win8.1 Release|x64.ActiveCfg = Win8.1 Release|x64
		{7468B3B7-0FC1-4234-A8B7-7967F260BC6F}.Win8.1 Release|x64.Build.0 = Win8.1 Release|x64
		{7468B3B7-0FC1-4234-A8B7-7967F260BC6F}.Win8.1 Release|x64.Deploy.0 = Win8.1 Release|x64
		{3DEACF8C-173F-4211-9C91-0789575635A2}.Debug|Mixed Platforms.ActiveCfg = Debug|Win32
		{3DEACF8C-173F-4211-9C91-0789575635A2}.Debug|Mixed Platforms.Build.0 = Debug|Win32
		{3DEACF8C-173F-4211-9C91-0789575635A2}.Debug|Win32.ActiveCfg = Debug|Win32
		{3DEACF8C-173F-4211-9C91-0789575635A2}.Debug|Win32.Build.0 = Debug|Win32
		{3DEACF8C-173F-4211-9C91-0789575635A2}.Debug|x64.ActiveCfg = Debug|Win32
		{3DEACF8C-173F-4211-9C91-0789575635A2}.Release|Mixed Platforms.ActiveCfg = Release|Win32
		{3DEACF8C-173F-4211-9C91-0789575635A2}.Release|Mixed Platforms.Build.0 = Release|Win32
		{3DEACF8C-173F-4211-9C91-0789575635A2}.Release|Win32.ActiveCfg = Release|Win32
		{3DEACF8C-173F-4211-9C91-0789575635A2}.Release|Win32.Build.0 = Release|Win32
		{3DEACF8C-173F-4211-9C91-0789575635A2}.Release|x64.ActiveCfg = Release|x64
		{3DEACF8C-173F-4211-9C91-0789575635A2}.Win7 Debug|Mixed Platforms.ActiveCfg = Debug|Win32
		{3DEACF8C-173F-4211-9C91-0789575635A2}.Win7 Debug|Mixed Platforms.Build.0 = Debug|Win32
		{3DEACF8C-173F-4211-9C91-0789575635A2}.Win7 Debug|Win32.ActiveCfg = Debug|Win32
		{3DEACF8C-173F-4211-9C91-0789575635A2}.Win7 Debug|Win32.Build.0 = Debug|Win32
		{3DEACF8C-173F-4211-9C91-0789575635A2}.Win7 Debug|x64.ActiveCfg = Debug|Win32
		{3DEACF8C-173F-4211-9C91-0789575635A2}.Win7 Release|Mixed Platforms.ActiveCfg = Release|Win32
		{3DEACF8C-173F-4211-9C91-0789575635A2}.Win7 Release|Mixed Platforms.Build.0 = Release|Win32
		{3DEACF8C-173F-4211-9C91-0789575635A2}.Win7 Release|Win32.ActiveCfg = Release|Win32
		{3DEACF8C-173F-4211-9C91-0789575635A2}.Win7 Release|Win32.Build.0 = Release|Win32
		{3DEACF8C-173F-4211-9C91-0789575635A2}.Win7 Release|x64.ActiveCfg = Release|Win32
		{3DEACF8C-173F-4211-9C91-0789575635A2}.Win8 Debug|Mixed Platforms.ActiveCfg = Debug|Win32
		{3DEACF8C-173F-4211-9C91-0789575635A2}.Win8 Debug|Mixed Platforms.Build.0 = Debug|Win32
		{3DEACF8C-173F-4211-9C91-0789575635A2}.Win8 Debug|Win32.ActiveCfg = Debug|Win32
		{3DEACF8C-173F-4211-9C91-0789575635A2}.Win8 Debug|Win32.Build.0 = Debug|Win32
		{3DEACF8C-173F-4211-9C91-0789575635A2}.Win8 Debug|x64.ActiveCfg = Debug|Win32
		{3DEACF8C-173F-4211-9C91-0789575635A2}.Win8 Release|Mixed Platforms.ActiveCfg = Release|Win32
		{3DEACF8C-173F-4211-9C91-0789575635A2}.Win8 Release|Mixed Platforms.Build.0 = Release|Win32
		{3DEACF8C-173F-4211-9C91-0789575635A2}.Win8 Release|Win32.ActiveCfg = Release|Win32
		{3DEACF8C-173F-4211-9C91-0789575635A2}.Win8 Release|Win32.Build.0 = Release|Win32
		{3DEACF8C-173F-4211-9C91-0789575635A2}.Win8 Release|x64.ActiveCfg = Release|Win32
		{3DEACF8C-173F-4211-9C91-0789575635A2}.Win8.1 Debug|Mixed Platforms.ActiveCfg = Debug|x64
		{3DEACF8C-173F-4211-9C91-0789575635A2}.Win8.1 Debug|Mixed Platforms.Build.0 = Debug|x64
		{3DEACF8C-173F-4211-9C91-0789575635A2}.Win8.1 Debug|Win32.ActiveCfg = Debug|Win32
		{3DEACF8C-173F-4211-9C91-0789575635A2}.Win8.1 Debug|Win32.Build.0 = Debug|Win32
		{3DEACF8C-173F-4211-9C91-0789575635A2}.Win8.1 Debug|x64.ActiveCfg = Debug|x64
		{3DEACF8C-173F-4211-9C91-0789575635A2}.Win8.1 Release|Mixed Platforms.ActiveCfg = Release|Win32
		{3DEACF8C-173F-4211-9C91-0789575635A2}.Win8.1 Release|Mixed Platforms.Build.0 = Release|Win32
		{3DEACF8C-173F-4211-9C91-0789575635A2}.Win8.1 Release|Win32.ActiveCfg = Release|Win32
		{3DEACF8C-173F-4211-9C91-0789575635A2}.Win8.1 Release|Win32.Build.0 = Release|Win32
		{3DEACF8C-173F-4211-9C91-0789575635A2}.Win8.1 Release|x64.ActiveCfg = Release|Win32
		{BDEA6224-EA61-496A-BF4D-3E1C6C551D58}.Debug|Mixed Platforms.ActiveCfg = Win8.1 Debug|Win32
		{BDEA6224-EA61-496A-BF4D-3E1C6C551D58}.Debug|Mixed Platforms.Build.0 = Win8.1 Debug|Win32
		{BDEA6224-EA61-496A-BF4D-3E1C6C551D58}.Debug|Mixed Platforms.Deploy.0 = Win8.1 Debug|Win32
		{BDEA6224-EA61-496A-BF4D-3E1C6C551D58}.Debug|Win32.ActiveCfg = Win8.1 Debug|Win32
		{BDEA6224-EA61-496A-BF4D-3E1C6C551D58}.Debug|Win32.Build.0 = Win8.1 Debug|Win32
		{BDEA6224-EA61-496A-BF4D-3E1C6C551D58}.Debug|Win32.Deploy.0 = Win8.1 Debug|Win32
		{BDEA6224-EA61-496A-BF4D-3E1C6C551D58}.Debug|x64.ActiveCfg = Win8.1 Debug|x64
		{BDEA6224-EA61-496A-BF4D-3E1C6C551D58}.Debug|x64.Build.0 = Win8.1 Debug|x64
		{BDEA6224-EA61-496A-BF4D-3E1C6C551D58}.Debug|x64.Deploy.0 = Win8.1 Debug|x64
		{BDEA6224-EA61-496A-BF4D-3E1C6C551D58}.Release|Mixed Platforms.ActiveCfg = Win8.1 Release|Win32
		{BDEA6224-EA61-496A-BF4D-3E1C6C551D58}.Release|Mixed Platforms.Build.0 = Win8.1 Release|Win32
		{BDEA6224-EA61-496A-BF4D-3E1C6C551D58}.Release|Mixed Platforms.Deploy.0 = Win8.1 Release|Win32
		{BDEA6224-EA61-496A-BF4D-3E1C6C551D58}.Release|Win32.ActiveCfg = Win8.1 Release|Win32
		{BDEA6224-EA61-496A-BF4D-3E1C6C551D58}.Release|Win32.Build.0 = Win8.1 Release|Win32
		{BDEA6224-EA61-496A-BF4D-3E1C6C551D58}.Release|Win32.Deploy.0 = Win8.1 Release|Win32
		{BDEA6224-EA61-496A-BF4D-3E1C6C551D58}.Release|x64.ActiveCfg = Win8.1 Release|x64
		{BDEA6224-EA61-496A-BF4D-3E1C6C551D58}.Release|x64.Build.0 = Win8.1 Release|x64
		{BDEA6224-EA61-496A-BF4D-3E1C6C551D58}.Release|x64.Deploy.0 = Win8.1 Release|x64
		{BDEA6224-EA61-496A-BF4D-3E1C6C551D58}.Win7 Debug|Mixed Platforms.ActiveCfg = Win7 Debug|Win32
		{BDEA6224-EA61-496A-BF4D-3E1C6C551D58}.Win7 Debug|Mixed Platforms.Build.0 = Win7 Debug|Win32
		{BDEA6224-EA61-496A-BF4D-3E1C6C551D58}.Win7 Debug|Mixed Platforms.Deploy.0 = Win7 Debug|Win32
		{BDEA6224-EA61-496A-BF4D-3E1C6C551D58}.Win7 Debug|Win32.ActiveCfg = Win7 Debug|Win32
		{BDEA6224-EA61-496A-BF4D-3E1C6C551D58}.Win7 Debug|Win32.Build.0 = Win7 Debug|Win32
		{BDEA6224-EA61-496A-BF4D-3E1C6C551D58}.Win7 Debug|Win32.Deploy.0 = Win7 Debug|Win32
		{BDEA6224-EA61-496A-BF4D-3E1C6C551D58}.Win7 Debug|x64.ActiveCfg = Win7 Debug|x64
		{BDEA6224-EA61-496A-BF4D-3E1C6C551D58}.Win7 Debug|x64.Build.0 = Win7 Debug|x64
		{BDEA6224-EA61-496A-BF4D-3E1C6C551D58}.Win7 Debug|x64.Deploy.0 = Win7 Debug|x64
		{BDEA6224-EA61-496A-BF4D-3E1C6C551D58}.Win7 Release|Mixed Platforms.ActiveCfg = Win7 Release|Win32
		{BDEA6224-EA61-496A-BF4D-3E1C6C551D58}.Win7 Release|Mixed Platforms.Build.0 = Win7 Release|Win32
		{BDEA6224-EA61-496A-BF4D-3E1C6C551D58}.Win7 Release|Mixed Platforms.Deploy.0 = Win7 Release|Win32
		{BDEA6224-EA61-496A-BF4D-3E1C6C551D58}.Win7 Release|Win32.ActiveCfg = Win7 Release|Win32
		{BDEA6224-EA61-496A-BF4D-3E1C6C551D58}.Win7 Release|Win32.Build.0 = Win7 Release|Win32
		{BDEA6224-EA61-496A-BF4D-3E1C6C551D58}.Win7 Release|Win32.Deploy.0 = Win7 Release|Win32
		{BDEA6224-EA61-496A-BF4D-3E1C6C551D58}.Win7 Release|x64.ActiveCfg = Win7 Release|x64
		{BDEA6224-EA61-496A-BF4D-3E1C6C551D58}.Win7 Release|x64.Build.0 = Win7 Release|x64
		{BDEA6224-EA61-496A-BF4D-3E1C6C551D58}.Win7 Release|x64.Deploy.0 = Win7 Release|x64
		{BDEA6224-EA61-496A-BF4D-3E1C6C551D58}.Win8 Debug|Mixed Platforms.ActiveCfg = Win8 Debug|Win32
		{BDEA6224-EA61-496A-BF4D-3E1C6C551D58}.Win8 Debug|Mixed Platforms.Build.0 = Win8 Debug|Win32
		{BDEA6224-EA61-496A-BF4D-3E1C6C551D58}.Win8 Debug|Mixed Platforms.Deploy.0 = Win8 Debug|Win32
		{BDEA6224-EA61-496A-BF4D-3E1C6C551D58}.Win8 Debug|Win32.ActiveCfg = Win8 Debug|Win32
		{BDEA6224-EA61-496A-BF4D-3E1C6C551D58}.Win8 Debug|Win32.Build.0 = Win8 Debug|Win32
		{BDEA6224-EA61-496A-BF4D-3E1C6C551D58}.Win8 Debug|Win32.Deploy.0 = Win8 Debug|Win32
		{BDEA6224-EA61-496A-BF4D-3E1C6C551D58}.Win8 Debug|x64.ActiveCfg = Win8 Debug|x64
		{BDEA6224-EA61-496A-BF4D-3E1C6C551D58}.Win8 Debug|x64.Build.0 = Win8 Debug|x64
		{BDEA6224-EA61-496A-BF4D-3E1C6C551D58}.Win8 Debug|x64.Deploy.0 = Win8 Debug|x64
		{BDEA6224-EA61-496A-BF4D-3E1C6C551D58}.Win8 Release|Mixed Platforms.ActiveCfg = Win8 Release|Win32
		{BDEA6224-EA61-496A-BF4D-3E1C6C551D58}.Win8 Release|Mixed Platforms.Build.0 = Win8 Release|Win32
		{BDEA6224-EA61-496A-BF4D-3E1C6C551D58}.Win8 Release|Mixed Platforms.Deploy.0 = Win8 Release|Win32
		{BDEA6224-EA61-496A-BF4D-3E1C6C551D58}.Win8 Release|Win32.ActiveCfg = Win8 Release|Win32
		{BDEA6224-EA61-496A-BF4D-3E1C6C551D58}.Win8 Release|Win32.Build.0 = Win8 Release|Win32
		{BDEA6224-EA61-496A-BF4D-3E1C6C551D58}.Win8 Release|Win32.Deploy.0 = Win8 Release|Win32
		{BDEA6224-EA61-496A-BF4D-3E1C6C551D58}.Win8 Release|x64.ActiveCfg = Win8 Release|x64
		{BDEA6224-EA61-496A-BF4D-3E1C6C551D58}.Win8 Release|x64.Build.0 = Win8 Release|x64
		{BDEA6224-EA61-496A-BF4D-3E1C6C551D58}.Win8 Release|x64.Deploy.0 = Win8 Release|x64
		{BDEA6224-EA61-496A-BF4D-3E1C6C551D58}.Win8.1 Debug|Mixed Platforms.ActiveCfg = Win8.1 Debug|Win32
		{BDEA6224-EA61-496A-BF4D-3E1C6C551D58}.Win8.1 Debug|Mixed Platforms.Build.0 = Win8.1 Debug|Win32
		{BDEA6224-EA61-496A-BF4D-3E1C6C551D58}.Win8.1 Debug|Mixed Platforms.Deploy.0 = Win8.1 Debug|Win32
		{BDEA6224-EA61-496A-BF4D-3E1C6C551D58}.Win8.1 Debug|Win32.ActiveCfg = Win8.1 Debug|Win32
		{BDEA6224-EA61-496A-BF4D-3E1C6C551D58}.Win8.1 Debug|Win32.Build.0 = Win8.1 Debug|Win32
		{BDEA6224-EA61-496A-BF4D-3E1C6C551D58}.Win8.1 Debug|Win32.Deploy.0 = Win8.1 Debug|Win32
		{BDEA6224-EA61-496A-BF4D-3E1C6C551D58}.Win8.1 Debug|x64.ActiveCfg = Win8.1 Debug|x64
		{BDEA6224-EA61-496A-BF4D-3E1C6C551D58}.Win8.1 Debug|x64.Build.0 = Win8.1 Debug|x64
		{BDEA6224-EA61-496A-BF4D-3E1C6C551D58}.Win8.1 Debug|x64.Deploy.0 = Win8.1 Debug|x64
		{BDEA6224-EA61-496A-BF4D-3E1C6C551D58}.Win8.1 Release|Mixed Platforms.ActiveCfg = Win8.1 Release|Win32
		{BDEA6224-EA61-496A-BF4D-3E1C6C551D58}.Win8.1 Release|Mixed Platforms.Build.0 = Win8.1 Release|Win32
		{BDEA6224-EA61-496A-BF4D-3E1C6C551D58}.Win8.1 Release|Mixed Platforms.Deploy.0 = Win8.1 Release|Win32
		{BDEA6224-EA61-496A-BF4D-3E1C6C551D58}.Win8.1 Release|Win32.ActiveCfg = Win8.1 Release|Win32
		{BDEA6224-EA61-496A-BF4D-3E1C6C551D58}.Win8.1 Release|Win32.Build.0 = Win8.1 Release|Win32
		{BDEA6224-EA61-496A-BF4D-3E1C6C551D58}.Win8.1 Release|Win32.Deploy.0 = Win8.1 Release|Win32
		{BDEA6224-EA61-496A-BF4D-3E1C6C551D58}.Win8.1 Release|x64.ActiveCfg = Win8.1 Release|x64
		{BDEA6224-EA61-496A-BF4D-3E1C6C551D58}.Win8.1 Release|x64.Build.0 = Win8.1 Release|x64
		{BDEA6224-EA61-496A-BF4D-3E1C6C551D58}.Win8.1 Release|x64.Deploy.0 = Win8.1 Release|x64
	EndGlobalSection
	GlobalSection(SolutionProperties) = preSolution
		HideSolutionNode = FALSE
	EndGlobalSection
EndGlobal
